
Microsoft Visual Studio Solution File, Format Version 12.00
# Visual Studio 15
VisualStudioVersion = 15.0.28307.852
MinimumVisualStudioVersion = 10.0.40219.1
Project("{9A19103F-16F7-4668-BE54-9A1E7A4F7556}") = "Openpayd_Lambda", "Openpayd_Lambda\Openpayd_Lambda.csproj", "{09903D07-BD5D-4734-A9E6-569ABB6488BA}"
EndProject
Global
	GlobalSection(SolutionConfigurationPlatforms) = preSolution
		Debug|Any CPU = Debug|Any CPU
		Release|Any CPU = Release|Any CPU
	EndGlobalSection
	GlobalSection(ProjectConfigurationPlatforms) = postSolution
		{09903D07-BD5D-4734-A9E6-569ABB6488BA}.Debug|Any CPU.ActiveCfg = Debug|Any CPU
		{09903D07-BD5D-4734-A9E6-569ABB6488BA}.Debug|Any CPU.Build.0 = Debug|Any CPU
		{09903D07-BD5D-4734-A9E6-569ABB6488BA}.Release|Any CPU.ActiveCfg = Release|Any CPU
		{09903D07-BD5D-4734-A9E6-569ABB6488BA}.Release|Any CPU.Build.0 = Release|Any CPU
	EndGlobalSection
	GlobalSection(SolutionProperties) = preSolution
		HideSolutionNode = FALSE
	EndGlobalSection
	GlobalSection(ExtensibilityGlobals) = postSolution
		SolutionGuid = {F4EFCFB4-CE78-499D-AAFC-9183DD71AA3E}
	EndGlobalSection
EndGlobal
